// !$*UTF8*$!
{
	archiveVersion = 1;
	classes = {
	};
	objectVersion = 48;
	objects = {

/* Begin PBXBuildFile section */
		FE097F32202BCC7200B77C01 /* AppDelegate.swift in Sources */ = {isa = PBXBuildFile; fileRef = FE097F31202BCC7200B77C01 /* AppDelegate.swift */; };
		FE097F34202BCC7200B77C01 /* ViewController.swift in Sources */ = {isa = PBXBuildFile; fileRef = FE097F33202BCC7200B77C01 /* ViewController.swift */; };
		FE097F37202BCC7200B77C01 /* Main.storyboard in Resources */ = {isa = PBXBuildFile; fileRef = FE097F35202BCC7200B77C01 /* Main.storyboard */; };
		FE097F39202BCC7200B77C01 /* Assets.xcassets in Resources */ = {isa = PBXBuildFile; fileRef = FE097F38202BCC7200B77C01 /* Assets.xcassets */; };
		FE097F3C202BCC7200B77C01 /* LaunchScreen.storyboard in Resources */ = {isa = PBXBuildFile; fileRef = FE097F3A202BCC7200B77C01 /* LaunchScreen.storyboard */; };
		FE097F47202BCC7300B77C01 /* FlixTests.swift in Sources */ = {isa = PBXBuildFile; fileRef = FE097F46202BCC7300B77C01 /* FlixTests.swift */; };
		FE097F52202BCC7300B77C01 /* FlixUITests.swift in Sources */ = {isa = PBXBuildFile; fileRef = FE097F51202BCC7300B77C01 /* FlixUITests.swift */; };
/* End PBXBuildFile section */

/* Begin PBXContainerItemProxy section */
		FE097F43202BCC7300B77C01 /* PBXContainerItemProxy */ = {
			isa = PBXContainerItemProxy;
			containerPortal = FE097F26202BCC7200B77C01 /* Project object */;
			proxyType = 1;
			remoteGlobalIDString = FE097F2D202BCC7200B77C01;
			remoteInfo = Flix;
		};
		FE097F4E202BCC7300B77C01 /* PBXContainerItemProxy */ = {
			isa = PBXContainerItemProxy;
			containerPortal = FE097F26202BCC7200B77C01 /* Project object */;
			proxyType = 1;
			remoteGlobalIDString = FE097F2D202BCC7200B77C01;
			remoteInfo = Flix;
		};
/* End PBXContainerItemProxy section */

/* Begin PBXFileReference section */
		FE097F2E202BCC7200B77C01 /* Flix.app */ = {isa = PBXFileReference; explicitFileType = wrapper.application; includeInIndex = 0; path = Flix.app; sourceTree = BUILT_PRODUCTS_DIR; };
		FE097F31202BCC7200B77C01 /* AppDelegate.swift */ = {isa = PBXFileReference; lastKnownFileType = sourcecode.swift; path = AppDelegate.swift; sourceTree = "<group>"; };
		FE097F33202BCC7200B77C01 /* ViewController.swift */ = {isa = PBXFileReference; lastKnownFileType = sourcecode.swift; path = ViewController.swift; sourceTree = "<group>"; };
		FE097F36202BCC7200B77C01 /* Base */ = {isa = PBXFileReference; lastKnownFileType = file.storyboard; name = Base; path = Base.lproj/Main.storyboard; sourceTree = "<group>"; };
		FE097F38202BCC7200B77C01 /* Assets.xcassets */ = {isa = PBXFileReference; lastKnownFileType = folder.assetcatalog; path = Assets.xcassets; sourceTree = "<group>"; };
		FE097F3B202BCC7200B77C01 /* Base */ = {isa = PBXFileReference; lastKnownFileType = file.storyboard; name = Base; path = Base.lproj/LaunchScreen.storyboard; sourceTree = "<group>"; };
		FE097F3D202BCC7300B77C01 /* Info.plist */ = {isa = PBXFileReference; lastKnownFileType = text.plist.xml; path = Info.plist; sourceTree = "<group>"; };
		FE097F42202BCC7300B77C01 /* FlixTests.xctest */ = {isa = PBXFileReference; explicitFileType = wrapper.cfbundle; includeInIndex = 0; path = FlixTests.xctest; sourceTree = BUILT_PRODUCTS_DIR; };
		FE097F46202BCC7300B77C01 /* FlixTests.swift */ = {isa = PBXFileReference; lastKnownFileType = sourcecode.swift; path = FlixTests.swift; sourceTree = "<group>"; };
		FE097F48202BCC7300B77C01 /* Info.plist */ = {isa = PBXFileReference; lastKnownFileType = text.plist.xml; path = Info.plist; sourceTree = "<group>"; };
		FE097F4D202BCC7300B77C01 /* FlixUITests.xctest */ = {isa = PBXFileReference; explicitFileType = wrapper.cfbundle; includeInIndex = 0; path = FlixUITests.xctest; sourceTree = BUILT_PRODUCTS_DIR; };
		FE097F51202BCC7300B77C01 /* FlixUITests.swift */ = {isa = PBXFileReference; lastKnownFileType = sourcecode.swift; path = FlixUITests.swift; sourceTree = "<group>"; };
		FE097F53202BCC7300B77C01 /* Info.plist */ = {isa = PBXFileReference; lastKnownFileType = text.plist.xml; path = Info.plist; sourceTree = "<group>"; };
/* End PBXFileReference section */

/* Begin PBXFrameworksBuildPhase section */
		FE097F2B202BCC7200B77C01 /* Frameworks */ = {
			isa = PBXFrameworksBuildPhase;
			buildActionMask = 2147483647;
			files = (
			);
			runOnlyForDeploymentPostprocessing = 0;
		};
		FE097F3F202BCC7300B77C01 /* Frameworks */ = {
			isa = PBXFrameworksBuildPhase;
			buildActionMask = 2147483647;
			files = (
			);
			runOnlyForDeploymentPostprocessing = 0;
		};
		FE097F4A202BCC7300B77C01 /* Frameworks */ = {
			isa = PBXFrameworksBuildPhase;
			buildActionMask = 2147483647;
			files = (
			);
			runOnlyForDeploymentPostprocessing = 0;
		};
/* End PBXFrameworksBuildPhase section */

/* Begin PBXGroup section */
		FE097F25202BCC7200B77C01 = {
			isa = PBXGroup;
			children = (
				FE097F30202BCC7200B77C01 /* Flix */,
				FE097F45202BCC7300B77C01 /* FlixTests */,
				FE097F50202BCC7300B77C01 /* FlixUITests */,
				FE097F2F202BCC7200B77C01 /* Products */,
			);
			sourceTree = "<group>";
		};
		FE097F2F202BCC7200B77C01 /* Products */ = {
			isa = PBXGroup;
			children = (
				FE097F2E202BCC7200B77C01 /* Flix.app */,
				FE097F42202BCC7300B77C01 /* FlixTests.xctest */,
				FE097F4D202BCC7300B77C01 /* FlixUITests.xctest */,
			);
			name = Products;
			sourceTree = "<group>";
		};
		FE097F30202BCC7200B77C01 /* Flix */ = {
			isa = PBXGroup;
			children = (
				FE097F31202BCC7200B77C01 /* AppDelegate.swift */,
				FE097F33202BCC7200B77C01 /* ViewController.swift */,
				FE097F35202BCC7200B77C01 /* Main.storyboard */,
				FE097F38202BCC7200B77C01 /* Assets.xcassets */,
				FE097F3A202BCC7200B77C01 /* LaunchScreen.storyboard */,
				FE097F3D202BCC7300B77C01 /* Info.plist */,
			);
			path = Flix;
			sourceTree = "<group>";
		};
		FE097F45202BCC7300B77C01 /* FlixTests */ = {
			isa = PBXGroup;
			children = (
				FE097F46202BCC7300B77C01 /* FlixTests.swift */,
				FE097F48202BCC7300B77C01 /* Info.plist */,
			);
			path = FlixTests;
			sourceTree = "<group>";
		};
		FE097F50202BCC7300B77C01 /* FlixUITests */ = {
			isa = PBXGroup;
			children = (
				FE097F51202BCC7300B77C01 /* FlixUITests.swift */,
				FE097F53202BCC7300B77C01 /* Info.plist */,
			);
			path = FlixUITests;
			sourceTree = "<group>";
		};
/* End PBXGroup section */

/* Begin PBXNativeTarget section */
		FE097F2D202BCC7200B77C01 /* Flix */ = {
			isa = PBXNativeTarget;
			buildConfigurationList = FE097F56202BCC7300B77C01 /* Build configuration list for PBXNativeTarget "Flix" */;
			buildPhases = (
				FE097F2A202BCC7200B77C01 /* Sources */,
				FE097F2B202BCC7200B77C01 /* Frameworks */,
				FE097F2C202BCC7200B77C01 /* Resources */,
			);
			buildRules = (
			);
			dependencies = (
			);
			name = Flix;
			productName = Flix;
			productReference = FE097F2E202BCC7200B77C01 /* Flix.app */;
			productType = "com.apple.product-type.application";
		};
		FE097F41202BCC7300B77C01 /* FlixTests */ = {
			isa = PBXNativeTarget;
			buildConfigurationList = FE097F59202BCC7300B77C01 /* Build configuration list for PBXNativeTarget "FlixTests" */;
			buildPhases = (
				FE097F3E202BCC7300B77C01 /* Sources */,
				FE097F3F202BCC7300B77C01 /* Frameworks */,
				FE097F40202BCC7300B77C01 /* Resources */,
			);
			buildRules = (
			);
			dependencies = (
				FE097F44202BCC7300B77C01 /* PBXTargetDependency */,
			);
			name = FlixTests;
			productName = FlixTests;
			productReference = FE097F42202BCC7300B77C01 /* FlixTests.xctest */;
			productType = "com.apple.product-type.bundle.unit-test";
		};
		FE097F4C202BCC7300B77C01 /* FlixUITests */ = {
			isa = PBXNativeTarget;
			buildConfigurationList = FE097F5C202BCC7300B77C01 /* Build configuration list for PBXNativeTarget "FlixUITests" */;
			buildPhases = (
				FE097F49202BCC7300B77C01 /* Sources */,
				FE097F4A202BCC7300B77C01 /* Frameworks */,
				FE097F4B202BCC7300B77C01 /* Resources */,
			);
			buildRules = (
			);
			dependencies = (
				FE097F4F202BCC7300B77C01 /* PBXTargetDependency */,
			);
			name = FlixUITests;
			productName = FlixUITests;
			productReference = FE097F4D202BCC7300B77C01 /* FlixUITests.xctest */;
			productType = "com.apple.product-type.bundle.ui-testing";
		};
/* End PBXNativeTarget section */

/* Begin PBXProject section */
		FE097F26202BCC7200B77C01 /* Project object */ = {
			isa = PBXProject;
			attributes = {
				LastSwiftUpdateCheck = 0920;
				LastUpgradeCheck = 0920;
				ORGANIZATIONNAME = "Jinhua Chen";
				TargetAttributes = {
					FE097F2D202BCC7200B77C01 = {
						CreatedOnToolsVersion = 9.2;
						ProvisioningStyle = Automatic;
					};
					FE097F41202BCC7300B77C01 = {
						CreatedOnToolsVersion = 9.2;
						ProvisioningStyle = Automatic;
						TestTargetID = FE097F2D202BCC7200B77C01;
					};
					FE097F4C202BCC7300B77C01 = {
						CreatedOnToolsVersion = 9.2;
						ProvisioningStyle = Automatic;
						TestTargetID = FE097F2D202BCC7200B77C01;
					};
				};
			};
			buildConfigurationList = FE097F29202BCC7200B77C01 /* Build configuration list for PBXProject "Flix" */;
			compatibilityVersion = "Xcode 8.0";
			developmentRegion = en;
			hasScannedForEncodings = 0;
			knownRegions = (
				en,
				Base,
			);
			mainGroup = FE097F25202BCC7200B77C01;
			productRefGroup = FE097F2F202BCC7200B77C01 /* Products */;
			projectDirPath = "";
			projectRoot = "";
			targets = (
				FE097F2D202BCC7200B77C01 /* Flix */,
				FE097F41202BCC7300B77C01 /* FlixTests */,
				FE097F4C202BCC7300B77C01 /* FlixUITests */,
			);
		};
/* End PBXProject section */

/* Begin PBXResourcesBuildPhase section */
		FE097F2C202BCC7200B77C01 /* Resources */ = {
			isa = PBXResourcesBuildPhase;
			buildActionMask = 2147483647;
			files = (
				FE097F3C202BCC7200B77C01 /* LaunchScreen.storyboard in Resources */,
				FE097F39202BCC7200B77C01 /* Assets.xcassets in Resources */,
				FE097F37202BCC7200B77C01 /* Main.storyboard in Resources */,
			);
			runOnlyForDeploymentPostprocessing = 0;
		};
		FE097F40202BCC7300B77C01 /* Resources */ = {
			isa = PBXResourcesBuildPhase;
			buildActionMask = 2147483647;
			files = (
			);
			runOnlyForDeploymentPostprocessing = 0;
		};
		FE097F4B202BCC7300B77C01 /* Resources */ = {
			isa = PBXResourcesBuildPhase;
			buildActionMask = 2147483647;
			files = (
			);
			runOnlyForDeploymentPostprocessing = 0;
		};
/* End PBXResourcesBuildPhase section */

/* Begin PBXSourcesBuildPhase section */
		FE097F2A202BCC7200B77C01 /* Sources */ = {
			isa = PBXSourcesBuildPhase;
			buildActionMask = 2147483647;
			files = (
				FE097F34202BCC7200B77C01 /* ViewController.swift in Sources */,
				FE097F32202BCC7200B77C01 /* AppDelegate.swift in Sources */,
			);
			runOnlyForDeploymentPostprocessing = 0;
		};
		FE097F3E202BCC7300B77C01 /* Sources */ = {
			isa = PBXSourcesBuildPhase;
			buildActionMask = 2147483647;
			files = (
				FE097F47202BCC7300B77C01 /* FlixTests.swift in Sources */,
			);
			runOnlyForDeploymentPostprocessing = 0;
		};
		FE097F49202BCC7300B77C01 /* Sources */ = {
			isa = PBXSourcesBuildPhase;
			buildActionMask = 2147483647;
			files = (
				FE097F52202BCC7300B77C01 /* FlixUITests.swift in Sources */,
			);
			runOnlyForDeploymentPostprocessing = 0;
		};
/* End PBXSourcesBuildPhase section */

/* Begin PBXTargetDependency section */
		FE097F44202BCC7300B77C01 /* PBXTargetDependency */ = {
			isa = PBXTargetDependency;
			target = FE097F2D202BCC7200B77C01 /* Flix */;
			targetProxy = FE097F43202BCC7300B77C01 /* PBXContainerItemProxy */;
		};
		FE097F4F202BCC7300B77C01 /* PBXTargetDependency */ = {
			isa = PBXTargetDependency;
			target = FE097F2D202BCC7200B77C01 /* Flix */;
			targetProxy = FE097F4E202BCC7300B77C01 /* PBXContainerItemProxy */;
		};
/* End PBXTargetDependency section */

/* Begin PBXVariantGroup section */
		FE097F35202BCC7200B77C01 /* Main.storyboard */ = {
			isa = PBXVariantGroup;
			children = (
				FE097F36202BCC7200B77C01 /* Base */,
			);
			name = Main.storyboard;
			sourceTree = "<group>";
		};
		FE097F3A202BCC7200B77C01 /* LaunchScreen.storyboard */ = {
			isa = PBXVariantGroup;
			children = (
				FE097F3B202BCC7200B77C01 /* Base */,
			);
			name = LaunchScreen.storyboard;
			sourceTree = "<group>";
		};
/* End PBXVariantGroup section */

/* Begin XCBuildConfiguration section */
		FE097F54202BCC7300B77C01 /* Debug */ = {
			isa = XCBuildConfiguration;
			buildSettings = {
				ALWAYS_SEARCH_USER_PATHS = NO;
				CLANG_ANALYZER_NONNULL = YES;
				CLANG_ANALYZER_NUMBER_OBJECT_CONVERSION = YES_AGGRESSIVE;
				CLANG_CXX_LANGUAGE_STANDARD = "gnu++14";
				CLANG_CXX_LIBRARY = "libc++";
				CLANG_ENABLE_MODULES = YES;
				CLANG_ENABLE_OBJC_ARC = YES;
				CLANG_WARN_BLOCK_CAPTURE_AUTORELEASING = YES;
				CLANG_WARN_BOOL_CONVERSION = YES;
				CLANG_WARN_COMMA = YES;
				CLANG_WARN_CONSTANT_CONVERSION = YES;
				CLANG_WARN_DIRECT_OBJC_ISA_USAGE = YES_ERROR;
				CLANG_WARN_DOCUMENTATION_COMMENTS = YES;
				CLANG_WARN_EMPTY_BODY = YES;
				CLANG_WARN_ENUM_CONVERSION = YES;
				CLANG_WARN_INFINITE_RECURSION = YES;
				CLANG_WARN_INT_CONVERSION = YES;
				CLANG_WARN_NON_LITERAL_NULL_CONVERSION = YES;
				CLANG_WARN_OBJC_LITERAL_CONVERSION = YES;
				CLANG_WARN_OBJC_ROOT_CLASS = YES_ERROR;
				CLANG_WARN_RANGE_LOOP_ANALYSIS = YES;
				CLANG_WARN_STRICT_PROTOTYPES = YES;
				CLANG_WARN_SUSPICIOUS_MOVE = YES;
				CLANG_WARN_UNGUARDED_AVAILABILITY = YES_AGGRESSIVE;
				CLANG_WARN_UNREACHABLE_CODE = YES;
				CLANG_WARN__DUPLICATE_METHOD_MATCH = YES;
				CODE_SIGN_IDENTITY = "iPhone Developer";
				COPY_PHASE_STRIP = NO;
				DEBUG_INFORMATION_FORMAT = dwarf;
				ENABLE_STRICT_OBJC_MSGSEND = YES;
				ENABLE_TESTABILITY = YES;
				GCC_C_LANGUAGE_STANDARD = gnu11;
				GCC_DYNAMIC_NO_PIC = NO;
				GCC_NO_COMMON_BLOCKS = YES;
				GCC_OPTIMIZATION_LEVEL = 0;
				GCC_PREPROCESSOR_DEFINITIONS = (
					"DEBUG=1",
					"$(inherited)",
				);
				GCC_WARN_64_TO_32_BIT_CONVERSION = YES;
				GCC_WARN_ABOUT_RETURN_TYPE = YES_ERROR;
				GCC_WARN_UNDECLARED_SELECTOR = YES;
				GCC_WARN_UNINITIALIZED_AUTOS = YES_AGGRESSIVE;
				GCC_WARN_UNUSED_FUNCTION = YES;
				GCC_WARN_UNUSED_VARIABLE = YES;
				IPHONEOS_DEPLOYMENT_TARGET = 11.2;
				MTL_ENABLE_DEBUG_INFO = YES;
				ONLY_ACTIVE_ARCH = YES;
				SDKROOT = iphoneos;
				SWIFT_ACTIVE_COMPILATION_CONDITIONS = DEBUG;
				SWIFT_OPTIMIZATION_LEVEL = "-Onone";
			};
			name = Debug;
		};
		FE097F55202BCC7300B77C01 /* Release */ = {
			isa = XCBuildConfiguration;
			buildSettings = {
				ALWAYS_SEARCH_USER_PATHS = NO;
				CLANG_ANALYZER_NONNULL = YES;
				CLANG_ANALYZER_NUMBER_OBJECT_CONVERSION = YES_AGGRESSIVE;
				CLANG_CXX_LANGUAGE_STANDARD = "gnu++14";
				CLANG_CXX_LIBRARY = "libc++";
				CLANG_ENABLE_MODULES = YES;
				CLANG_ENABLE_OBJC_ARC = YES;
				CLANG_WARN_BLOCK_CAPTURE_AUTORELEASING = YES;
				CLANG_WARN_BOOL_CONVERSION = YES;
				CLANG_WARN_COMMA = YES;
				CLANG_WARN_CONSTANT_CONVERSION = YES;
				CLANG_WARN_DIRECT_OBJC_ISA_USAGE = YES_ERROR;
				CLANG_WARN_DOCUMENTATION_COMMENTS = YES;
				CLANG_WARN_EMPTY_BODY = YES;
				CLANG_WARN_ENUM_CONVERSION = YES;
				CLANG_WARN_INFINITE_RECURSION = YES;
				CLANG_WARN_INT_CONVERSION = YES;
				CLANG_WARN_NON_LITERAL_NULL_CONVERSION = YES;
				CLANG_WARN_OBJC_LITERAL_CONVERSION = YES;
				CLANG_WARN_OBJC_ROOT_CLASS = YES_ERROR;
				CLANG_WARN_RANGE_LOOP_ANALYSIS = YES;
				CLANG_WARN_STRICT_PROTOTYPES = YES;
				CLANG_WARN_SUSPICIOUS_MOVE = YES;
				CLANG_WARN_UNGUARDED_AVAILABILITY = YES_AGGRESSIVE;
				CLANG_WARN_UNREACHABLE_CODE = YES;
				CLANG_WARN__DUPLICATE_METHOD_MATCH = YES;
				CODE_SIGN_IDENTITY = "iPhone Developer";
				COPY_PHASE_STRIP = NO;
				DEBUG_INFORMATION_FORMAT = "dwarf-with-dsym";
				ENABLE_NS_ASSERTIONS = NO;
				ENABLE_STRICT_OBJC_MSGSEND = YES;
				GCC_C_LANGUAGE_STANDARD = gnu11;
				GCC_NO_COMMON_BLOCKS = YES;
				GCC_WARN_64_TO_32_BIT_CONVERSION = YES;
				GCC_WARN_ABOUT_RETURN_TYPE = YES_ERROR;
				GCC_WARN_UNDECLARED_SELECTOR = YES;
				GCC_WARN_UNINITIALIZED_AUTOS = YES_AGGRESSIVE;
				GCC_WARN_UNUSED_FUNCTION = YES;
				GCC_WARN_UNUSED_VARIABLE = YES;
				IPHONEOS_DEPLOYMENT_TARGET = 11.2;
				MTL_ENABLE_DEBUG_INFO = NO;
				SDKROOT = iphoneos;
				SWIFT_OPTIMIZATION_LEVEL = "-Owholemodule";
				VALIDATE_PRODUCT = YES;
			};
			name = Release;
		};
		FE097F57202BCC7300B77C01 /* Debug */ = {
			isa = XCBuildConfiguration;
			buildSettings = {
				ASSETCATALOG_COMPILER_APPICON_NAME = AppIcon;
				CODE_SIGN_STYLE = Automatic;
				DEVELOPMENT_TEAM = Y4HS88YM53;
				INFOPLIST_FILE = Flix/Info.plist;
				LD_RUNPATH_SEARCH_PATHS = "$(inherited) @executable_path/Frameworks";
				PRODUCT_BUNDLE_IDENTIFIER = com.codepath.Flix;
				PRODUCT_NAME = "$(TARGET_NAME)";
				SWIFT_VERSION = 4.0;
				TARGETED_DEVICE_FAMILY = "1,2";
			};
			name = Debug;
		};
		FE097F58202BCC7300B77C01 /* Release */ = {
			isa = XCBuildConfiguration;
			buildSettings = {
				ASSETCATALOG_COMPILER_APPICON_NAME = AppIcon;
				CODE_SIGN_STYLE = Automatic;
				DEVELOPMENT_TEAM = Y4HS88YM53;
				INFOPLIST_FILE = Flix/Info.plist;
				LD_RUNPATH_SEARCH_PATHS = "$(inherited) @executable_path/Frameworks";
				PRODUCT_BUNDLE_IDENTIFIER = com.codepath.Flix;
				PRODUCT_NAME = "$(TARGET_NAME)";
				SWIFT_VERSION = 4.0;
				TARGETED_DEVICE_FAMILY = "1,2";
			};
			name = Release;
		};
		FE097F5A202BCC7300B77C01 /* Debug */ = {
			isa = XCBuildConfiguration;
			buildSettings = {
				ALWAYS_EMBED_SWIFT_STANDARD_LIBRARIES = YES;
				BUNDLE_LOADER = "$(TEST_HOST)";
				CODE_SIGN_STYLE = Automatic;
				DEVELOPMENT_TEAM = Y4HS88YM53;
				INFOPLIST_FILE = FlixTests/Info.plist;
				LD_RUNPATH_SEARCH_PATHS = "$(inherited) @executable_path/Frameworks @loader_path/Frameworks";
				PRODUCT_BUNDLE_IDENTIFIER = com.codepath.FlixTests;
				PRODUCT_NAME = "$(TARGET_NAME)";
				SWIFT_VERSION = 4.0;
				TARGETED_DEVICE_FAMILY = "1,2";
				TEST_HOST = "$(BUILT_PRODUCTS_DIR)/Flix.app/Flix";
			};
			name = Debug;
		};
		FE097F5B202BCC7300B77C01 /* Release */ = {
			isa = XCBuildConfiguration;
			buildSettings = {
				ALWAYS_EMBED_SWIFT_STANDARD_LIBRARIES = YES;
				BUNDLE_LOADER = "$(TEST_HOST)";
				CODE_SIGN_STYLE = Automatic;
				DEVELOPMENT_TEAM = Y4HS88YM53;
				INFOPLIST_FILE = FlixTests/Info.plist;
				LD_RUNPATH_SEARCH_PATHS = "$(inherited) @executable_path/Frameworks @loader_path/Frameworks";
				PRODUCT_BUNDLE_IDENTIFIER = com.codepath.FlixTests;
				PRODUCT_NAME = "$(TARGET_NAME)";
				SWIFT_VERSION = 4.0;
				TARGETED_DEVICE_FAMILY = "1,2";
				TEST_HOST = "$(BUILT_PRODUCTS_DIR)/Flix.app/Flix";
			};
			name = Release;
		};
		FE097F5D202BCC7300B77C01 /* Debug */ = {
			isa = XCBuildConfiguration;
			buildSettings = {
				ALWAYS_EMBED_SWIFT_STANDARD_LIBRARIES = YES;
				CODE_SIGN_STYLE = Automatic;
				DEVELOPMENT_TEAM = Y4HS88YM53;
				INFOPLIST_FILE = FlixUITests/Info.plist;
				LD_RUNPATH_SEARCH_PATHS = "$(inherited) @executable_path/Frameworks @loader_path/Frameworks";
				PRODUCT_BUNDLE_IDENTIFIER = com.codepath.FlixUITests;
				PRODUCT_NAME = "$(TARGET_NAME)";
				SWIFT_VERSION = 4.0;
				TARGETED_DEVICE_FAMILY = "1,2";
				TEST_TARGET_NAME = Flix;
			};
			name = Debug;
		};
		FE097F5E202BCC7300B77C01 /* Release */ = {
			isa = XCBuildConfiguration;
			buildSettings = {
				ALWAYS_EMBED_SWIFT_STANDARD_LIBRARIES = YES;
				CODE_SIGN_STYLE = Automatic;
				DEVELOPMENT_TEAM = Y4HS88YM53;
				INFOPLIST_FILE = FlixUITests/Info.plist;
				LD_RUNPATH_SEARCH_PATHS = "$(inherited) @executable_path/Frameworks @loader_path/Frameworks";
				PRODUCT_BUNDLE_IDENTIFIER = com.codepath.FlixUITests;
				PRODUCT_NAME = "$(TARGET_NAME)";
				SWIFT_VERSION = 4.0;
				TARGETED_DEVICE_FAMILY = "1,2";
				TEST_TARGET_NAME = Flix;
			};
			name = Release;
		};
/* End XCBuildConfiguration section */

/* Begin XCConfigurationList section */
		FE097F29202BCC7200B77C01 /* Build configuration list for PBXProject "Flix" */ = {
			isa = XCConfigurationList;
			buildConfigurations = (
				FE097F54202BCC7300B77C01 /* Debug */,
				FE097F55202BCC7300B77C01 /* Release */,
			);
			defaultConfigurationIsVisible = 0;
			defaultConfigurationName = Release;
		};
		FE097F56202BCC7300B77C01 /* Build configuration list for PBXNativeTarget "Flix" */ = {
			isa = XCConfigurationList;
			buildConfigurations = (
				FE097F57202BCC7300B77C01 /* Debug */,
				FE097F58202BCC7300B77C01 /* Release */,
			);
			defaultConfigurationIsVisible = 0;
			defaultConfigurationName = Release;
		};
		FE097F59202BCC7300B77C01 /* Build configuration list for PBXNativeTarget "FlixTests" */ = {
			isa = XCConfigurationList;
			buildConfigurations = (
				FE097F5A202BCC7300B77C01 /* Debug */,
				FE097F5B202BCC7300B77C01 /* Release */,
			);
			defaultConfigurationIsVisible = 0;
			defaultConfigurationName = Release;
		};
		FE097F5C202BCC7300B77C01 /* Build configuration list for PBXNativeTarget "FlixUITests" */ = {
			isa = XCConfigurationList;
			buildConfigurations = (
				FE097F5D202BCC7300B77C01 /* Debug */,
				FE097F5E202BCC7300B77C01 /* Release */,
			);
			defaultConfigurationIsVisible = 0;
			defaultConfigurationName = Release;
		};
/* End XCConfigurationList section */
	};
	rootObject = FE097F26202BCC7200B77C01 /* Project object */;
}
